
Microsoft Visual Studio Solution File, Format Version 11.00
# Visual Studio 2010
Project("{8BC9CEB8-8B4A-11D0-8D11-00A0C91BC942}") = "ImportMGT", "ImportMGT\ImportMGT.vcxproj", "{0273A772-8E03-48E5-BE21-A63E861836BA}"
EndProject
Global
	GlobalSection(SolutionConfigurationPlatforms) = preSolution
		Debug|Win32 = Debug|Win32
		Debug|x64 = Debug|x64
		PseudoDebug|Win32 = PseudoDebug|Win32
		PseudoDebug|x64 = PseudoDebug|x64
		Release|Win32 = Release|Win32
		Release|x64 = Release|x64
	EndGlobalSection
	GlobalSection(ProjectConfigurationPlatforms) = postSolution
		{0273A772-8E03-48E5-BE21-A63E861836BA}.Debug|Win32.ActiveCfg = Debug|Win32
		{0273A772-8E03-48E5-BE21-A63E861836BA}.Debug|Win32.Build.0 = Debug|Win32
		{0273A772-8E03-48E5-BE21-A63E861836BA}.Debug|x64.ActiveCfg = Debug|x64
		{0273A772-8E03-48E5-BE21-A63E861836BA}.Debug|x64.Build.0 = Debug|x64
		{0273A772-8E03-48E5-BE21-A63E861836BA}.PseudoDebug|Win32.ActiveCfg = PseudoDebug|Win32
		{0273A772-8E03-48E5-BE21-A63E861836BA}.PseudoDebug|Win32.Build.0 = PseudoDebug|Win32
		{0273A772-8E03-48E5-BE21-A63E861836BA}.PseudoDebug|x64.ActiveCfg = PseudoDebug|x64
		{0273A772-8E03-48E5-BE21-A63E861836BA}.PseudoDebug|x64.Build.0 = PseudoDebug|x64
		{0273A772-8E03-48E5-BE21-A63E861836BA}.Release|Win32.ActiveCfg = Release|Win32
		{0273A772-8E03-48E5-BE21-A63E861836BA}.Release|Win32.Build.0 = Release|Win32
		{0273A772-8E03-48E5-BE21-A63E861836BA}.Release|x64.ActiveCfg = Release|x64
		{0273A772-8E03-48E5-BE21-A63E861836BA}.Release|x64.Build.0 = Release|x64
	EndGlobalSection
	GlobalSection(SolutionProperties) = preSolution
		HideSolutionNode = FALSE
	EndGlobalSection
EndGlobal
